# This file is automatically @generated by Cargo.
# It is not intended for manual editing.
version = 3

[[package]]
name = "boot_kern_common"
version = "0.1.0"
dependencies = [
 "range_set",
 "serial_driver",
 "spinlock",
]

[[package]]
name = "core_reqs"
version = "0.1.0"

[[package]]
name = "cpu"
version = "0.1.0"

[[package]]
name = "kernel"
version = "0.1.0"
dependencies = [
 "boot_kern_common",
 "core_reqs",
 "cpu",
 "serial_driver",
 "spinlock",
]

[[package]]
name = "range_set"
version = "0.1.0"

[[package]]
name = "serial_driver"
version = "0.1.0"
dependencies = [
 "cpu",
]

[[package]]
name = "spinlock"
version = "0.1.0"
dependencies = [
 "cpu",
]
